
Microsoft Visual Studio Solution File, Format Version 12.00
# Visual Studio Version 17
VisualStudioVersion = 17.0.31903.59
MinimumVisualStudioVersion = 10.0.40219.1
Project("{2150E333-8FDC-42A3-9474-1A3956D46DE8}") = "src", "src", "{827E0CD3-B72D-47B6-A68D-7590B98EB39B}"
EndProject
Project("{2150E333-8FDC-42A3-9474-1A3956D46DE8}") = "EventGateway", "EventGateway", "{4C0C54D3-21EF-58BC-F230-268457C9F1B9}"
EndProject
Project("{FAE04EC0-301F-11D3-BF4B-00C04F79EFBC}") = "EventGateway.Api", "src\EventGateway\EventGateway.Api\EventGateway.Api.csproj", "{3A663BDD-5B9F-4E4B-ACBD-487DCFD723EB}"
EndProject
Project("{FAE04EC0-301F-11D3-BF4B-00C04F79EFBC}") = "EventGateway.Domain", "src\EventGateway\EventGateway.Domain\EventGateway.Domain.csproj", "{62B6E898-5BBA-4A10-AF9D-F45196021B91}"
EndProject
Project("{FAE04EC0-301F-11D3-BF4B-00C04F79EFBC}") = "EventGateway.Application", "src\EventGateway\EventGateway.Application\EventGateway.Application.csproj", "{609C3584-14BE-4A6A-B15C-039C2C51558F}"
EndProject
Project("{FAE04EC0-301F-11D3-BF4B-00C04F79EFBC}") = "EventGateway.Infrastructure", "src\EventGateway\EventGateway.Infrastructure\EventGateway.Infrastructure.csproj", "{52926BE1-94C5-46FE-9A34-1FE945D37B97}"
EndProject
Project("{2150E333-8FDC-42A3-9474-1A3956D46DE8}") = "AccountService", "AccountService", "{44AEE2E6-F46D-FBE2-B368-43FAAC74D86E}"
EndProject
Project("{FAE04EC0-301F-11D3-BF4B-00C04F79EFBC}") = "AccountService.Api", "src\AccountService\AccountService.Api\AccountService.Api.csproj", "{5A19D9EF-EE51-4C9E-9479-A735911FA651}"
EndProject
Project("{FAE04EC0-301F-11D3-BF4B-00C04F79EFBC}") = "AccountService.Domain", "src\AccountService\AccountService.Domain\AccountService.Domain.csproj", "{5178A3E8-A80A-4024-97B5-6C0758807C65}"
EndProject
Project("{FAE04EC0-301F-11D3-BF4B-00C04F79EFBC}") = "AccountService.Application", "src\AccountService\AccountService.Application\AccountService.Application.csproj", "{6A36B35A-A421-4C78-A777-FBFEB7B69CCC}"
EndProject
Project("{FAE04EC0-301F-11D3-BF4B-00C04F79EFBC}") = "AccountService.Infrastructure", "src\AccountService\AccountService.Infrastructure\AccountService.Infrastructure.csproj", "{CD2BB700-D013-45C4-86D4-195948CDAF17}"
EndProject
Project("{2150E333-8FDC-42A3-9474-1A3956D46DE8}") = "tests", "tests", "{0AB3BF05-4346-4AA6-1389-037BE0695223}"
EndProject
Project("{FAE04EC0-301F-11D3-BF4B-00C04F79EFBC}") = "EventGateway.UnitTests", "tests\EventGateway.UnitTests\EventGateway.UnitTests.csproj", "{EF8FCEAA-DE7C-48B8-9D2E-79CABEF86D65}"
EndProject
Project("{FAE04EC0-301F-11D3-BF4B-00C04F79EFBC}") = "EventGateway.IntegrationTests", "tests\EventGateway.IntegrationTests\EventGateway.IntegrationTests.csproj", "{685C6621-D3E6-4F0A-A67F-C38CE0C0E1B9}"
EndProject
Project("{FAE04EC0-301F-11D3-BF4B-00C04F79EFBC}") = "AccountService.UnitTests", "tests\AccountService.UnitTests\AccountService.UnitTests.csproj", "{916F78AE-B974-441A-8D73-161E628C665E}"
EndProject
Project("{FAE04EC0-301F-11D3-BF4B-00C04F79EFBC}") = "AccountService.IntegrationTests", "tests\AccountService.IntegrationTests\AccountService.IntegrationTests.csproj", "{30B72020-B612-4141-B80A-B6D7C29ED8E6}"
EndProject
Global
	GlobalSection(SolutionConfigurationPlatforms) = preSolution
		Debug|Any CPU = Debug|Any CPU
		Debug|x64 = Debug|x64
		Debug|x86 = Debug|x86
		Release|Any CPU = Release|Any CPU
		Release|x64 = Release|x64
		Release|x86 = Release|x86
	EndGlobalSection
	GlobalSection(ProjectConfigurationPlatforms) = postSolution
		{3A663BDD-5B9F-4E4B-ACBD-487DCFD723EB}.Debug|Any CPU.ActiveCfg = Debug|Any CPU
		{3A663BDD-5B9F-4E4B-ACBD-487DCFD723EB}.Debug|Any CPU.Build.0 = Debug|Any CPU
		{3A663BDD-5B9F-4E4B-ACBD-487DCFD723EB}.Debug|x64.ActiveCfg = Debug|Any CPU
		{3A663BDD-5B9F-4E4B-ACBD-487DCFD723EB}.Debug|x64.Build.0 = Debug|Any CPU
		{3A663BDD-5B9F-4E4B-ACBD-487DCFD723EB}.Debug|x86.ActiveCfg = Debug|Any CPU
		{3A663BDD-5B9F-4E4B-ACBD-487DCFD723EB}.Debug|x86.Build.0 = Debug|Any CPU
		{3A663BDD-5B9F-4E4B-ACBD-487DCFD723EB}.Release|Any CPU.ActiveCfg = Release|Any CPU
		{3A663BDD-5B9F-4E4B-ACBD-487DCFD723EB}.Release|Any CPU.Build.0 = Release|Any CPU
		{3A663BDD-5B9F-4E4B-ACBD-487DCFD723EB}.Release|x64.ActiveCfg = Release|Any CPU
		{3A663BDD-5B9F-4E4B-ACBD-487DCFD723EB}.Release|x64.Build.0 = Release|Any CPU
		{3A663BDD-5B9F-4E4B-ACBD-487DCFD723EB}.Release|x86.ActiveCfg = Release|Any CPU
		{3A663BDD-5B9F-4E4B-ACBD-487DCFD723EB}.Release|x86.Build.0 = Release|Any CPU
		{62B6E898-5BBA-4A10-AF9D-F45196021B91}.Debug|Any CPU.ActiveCfg = Debug|Any CPU
		{62B6E898-5BBA-4A10-AF9D-F45196021B91}.Debug|Any CPU.Build.0 = Debug|Any CPU
		{62B6E898-5BBA-4A10-AF9D-F45196021B91}.Debug|x64.ActiveCfg = Debug|Any CPU
		{62B6E898-5BBA-4A10-AF9D-F45196021B91}.Debug|x64.Build.0 = Debug|Any CPU
		{62B6E898-5BBA-4A10-AF9D-F45196021B91}.Debug|x86.ActiveCfg = Debug|Any CPU
		{62B6E898-5BBA-4A10-AF9D-F45196021B91}.Debug|x86.Build.0 = Debug|Any CPU
		{62B6E898-5BBA-4A10-AF9D-F45196021B91}.Release|Any CPU.ActiveCfg = Release|Any CPU
		{62B6E898-5BBA-4A10-AF9D-F45196021B91}.Release|Any CPU.Build.0 = Release|Any CPU
		{62B6E898-5BBA-4A10-AF9D-F45196021B91}.Release|x64.ActiveCfg = Release|Any CPU
		{62B6E898-5BBA-4A10-AF9D-F45196021B91}.Release|x64.Build.0 = Release|Any CPU
		{62B6E898-5BBA-4A10-AF9D-F45196021B91}.Release|x86.ActiveCfg = Release|Any CPU
		{62B6E898-5BBA-4A10-AF9D-F45196021B91}.Release|x86.Build.0 = Release|Any CPU
		{609C3584-14BE-4A6A-B15C-039C2C51558F}.Debug|Any CPU.ActiveCfg = Debug|Any CPU
		{609C3584-14BE-4A6A-B15C-039C2C51558F}.Debug|Any CPU.Build.0 = Debug|Any CPU
		{609C3584-14BE-4A6A-B15C-039C2C51558F}.Debug|x64.ActiveCfg = Debug|Any CPU
		{609C3584-14BE-4A6A-B15C-039C2C51558F}.Debug|x64.Build.0 = Debug|Any CPU
		{609C3584-14BE-4A6A-B15C-039C2C51558F}.Debug|x86.ActiveCfg = Debug|Any CPU
		{609C3584-14BE-4A6A-B15C-039C2C51558F}.Debug|x86.Build.0 = Debug|Any CPU
		{609C3584-14BE-4A6A-B15C-039C2C51558F}.Release|Any CPU.ActiveCfg = Release|Any CPU
		{609C3584-14BE-4A6A-B15C-039C2C51558F}.Release|Any CPU.Build.0 = Release|Any CPU
		{609C3584-14BE-4A6A-B15C-039C2C51558F}.Release|x64.ActiveCfg = Release|Any CPU
		{609C3584-14BE-4A6A-B15C-039C2C51558F}.Release|x64.Build.0 = Release|Any CPU
		{609C3584-14BE-4A6A-B15C-039C2C51558F}.Release|x86.ActiveCfg = Release|Any CPU
		{609C3584-14BE-4A6A-B15C-039C2C51558F}.Release|x86.Build.0 = Release|Any CPU
		{52926BE1-94C5-46FE-9A34-1FE945D37B97}.Debug|Any CPU.ActiveCfg = Debug|Any CPU
		{52926BE1-94C5-46FE-9A34-1FE945D37B97}.Debug|Any CPU.Build.0 = Debug|Any CPU
		{52926BE1-94C5-46FE-9A34-1FE945D37B97}.Debug|x64.ActiveCfg = Debug|Any CPU
		{52926BE1-94C5-46FE-9A34-1FE945D37B97}.Debug|x64.Build.0 = Debug|Any CPU
		{52926BE1-94C5-46FE-9A34-1FE945D37B97}.Debug|x86.ActiveCfg = Debug|Any CPU
		{52926BE1-94C5-46FE-9A34-1FE945D37B97}.Debug|x86.Build.0 = Debug|Any CPU
		{52926BE1-94C5-46FE-9A34-1FE945D37B97}.Release|Any CPU.ActiveCfg = Release|Any CPU
		{52926BE1-94C5-46FE-9A34-1FE945D37B97}.Release|Any CPU.Build.0 = Release|Any CPU
		{52926BE1-94C5-46FE-9A34-1FE945D37B97}.Release|x64.ActiveCfg = Release|Any CPU
		{52926BE1-94C5-46FE-9A34-1FE945D37B97}.Release|x64.Build.0 = Release|Any CPU
		{52926BE1-94C5-46FE-9A34-1FE945D37B97}.Release|x86.ActiveCfg = Release|Any CPU
		{52926BE1-94C5-46FE-9A34-1FE945D37B97}.Release|x86.Build.0 = Release|Any CPU
		{5A19D9EF-EE51-4C9E-9479-A735911FA651}.Debug|Any CPU.ActiveCfg = Debug|Any CPU
		{5A19D9EF-EE51-4C9E-9479-A735911FA651}.Debug|Any CPU.Build.0 = Debug|Any CPU
		{5A19D9EF-EE51-4C9E-9479-A735911FA651}.Debug|x64.ActiveCfg = Debug|Any CPU
		{5A19D9EF-EE51-4C9E-9479-A735911FA651}.Debug|x64.Build.0 = Debug|Any CPU
		{5A19D9EF-EE51-4C9E-9479-A735911FA651}.Debug|x86.ActiveCfg = Debug|Any CPU
		{5A19D9EF-EE51-4C9E-9479-A735911FA651}.Debug|x86.Build.0 = Debug|Any CPU
		{5A19D9EF-EE51-4C9E-9479-A735911FA651}.Release|Any CPU.ActiveCfg = Release|Any CPU
		{5A19D9EF-EE51-4C9E-9479-A735911FA651}.Release|Any CPU.Build.0 = Release|Any CPU
		{5A19D9EF-EE51-4C9E-9479-A735911FA651}.Release|x64.ActiveCfg = Release|Any CPU
		{5A19D9EF-EE51-4C9E-9479-A735911FA651}.Release|x64.Build.0 = Release|Any CPU
		{5A19D9EF-EE51-4C9E-9479-A735911FA651}.Release|x86.ActiveCfg = Release|Any CPU
		{5A19D9EF-EE51-4C9E-9479-A735911FA651}.Release|x86.Build.0 = Release|Any CPU
		{5178A3E8-A80A-4024-97B5-6C0758807C65}.Debug|Any CPU.ActiveCfg = Debug|Any CPU
		{5178A3E8-A80A-4024-97B5-6C0758807C65}.Debug|Any CPU.Build.0 = Debug|Any CPU
		{5178A3E8-A80A-4024-97B5-6C0758807C65}.Debug|x64.ActiveCfg = Debug|Any CPU
		{5178A3E8-A80A-4024-97B5-6C0758807C65}.Debug|x64.Build.0 = Debug|Any CPU
		{5178A3E8-A80A-4024-97B5-6C0758807C65}.Debug|x86.ActiveCfg = Debug|Any CPU
		{5178A3E8-A80A-4024-97B5-6C0758807C65}.Debug|x86.Build.0 = Debug|Any CPU
		{5178A3E8-A80A-4024-97B5-6C0758807C65}.Release|Any CPU.ActiveCfg = Release|Any CPU
		{5178A3E8-A80A-4024-97B5-6C0758807C65}.Release|Any CPU.Build.0 = Release|Any CPU
		{5178A3E8-A80A-4024-97B5-6C0758807C65}.Release|x64.ActiveCfg = Release|Any CPU
		{5178A3E8-A80A-4024-97B5-6C0758807C65}.Release|x64.Build.0 = Release|Any CPU
		{5178A3E8-A80A-4024-97B5-6C0758807C65}.Release|x86.ActiveCfg = Release|Any CPU
		{5178A3E8-A80A-4024-97B5-6C0758807C65}.Release|x86.Build.0 = Release|Any CPU
		{6A36B35A-A421-4C78-A777-FBFEB7B69CCC}.Debug|Any CPU.ActiveCfg = Debug|Any CPU
		{6A36B35A-A421-4C78-A777-FBFEB7B69CCC}.Debug|Any CPU.Build.0 = Debug|Any CPU
		{6A36B35A-A421-4C78-A777-FBFEB7B69CCC}.Debug|x64.ActiveCfg = Debug|Any CPU
		{6A36B35A-A421-4C78-A777-FBFEB7B69CCC}.Debug|x64.Build.0 = Debug|Any CPU
		{6A36B35A-A421-4C78-A777-FBFEB7B69CCC}.Debug|x86.ActiveCfg = Debug|Any CPU
		{6A36B35A-A421-4C78-A777-FBFEB7B69CCC}.Debug|x86.Build.0 = Debug|Any CPU
		{6A36B35A-A421-4C78-A777-FBFEB7B69CCC}.Release|Any CPU.ActiveCfg = Release|Any CPU
		{6A36B35A-A421-4C78-A777-FBFEB7B69CCC}.Release|Any CPU.Build.0 = Release|Any CPU
		{6A36B35A-A421-4C78-A777-FBFEB7B69CCC}.Release|x64.ActiveCfg = Release|Any CPU
		{6A36B35A-A421-4C78-A777-FBFEB7B69CCC}.Release|x64.Build.0 = Release|Any CPU
		{6A36B35A-A421-4C78-A777-FBFEB7B69CCC}.Release|x86.ActiveCfg = Release|Any CPU
		{6A36B35A-A421-4C78-A777-FBFEB7B69CCC}.Release|x86.Build.0 = Release|Any CPU
		{CD2BB700-D013-45C4-86D4-195948CDAF17}.Debug|Any CPU.ActiveCfg = Debug|Any CPU
		{CD2BB700-D013-45C4-86D4-195948CDAF17}.Debug|Any CPU.Build.0 = Debug|Any CPU
		{CD2BB700-D013-45C4-86D4-195948CDAF17}.Debug|x64.ActiveCfg = Debug|Any CPU
		{CD2BB700-D013-45C4-86D4-195948CDAF17}.Debug|x64.Build.0 = Debug|Any CPU
		{CD2BB700-D013-45C4-86D4-195948CDAF17}.Debug|x86.ActiveCfg = Debug|Any CPU
		{CD2BB700-D013-45C4-86D4-195948CDAF17}.Debug|x86.Build.0 = Debug|Any CPU
		{CD2BB700-D013-45C4-86D4-195948CDAF17}.Release|Any CPU.ActiveCfg = Release|Any CPU
		{CD2BB700-D013-45C4-86D4-195948CDAF17}.Release|Any CPU.Build.0 = Release|Any CPU
		{CD2BB700-D013-45C4-86D4-195948CDAF17}.Release|x64.ActiveCfg = Release|Any CPU
		{CD2BB700-D013-45C4-86D4-195948CDAF17}.Release|x64.Build.0 = Release|Any CPU
		{CD2BB700-D013-45C4-86D4-195948CDAF17}.Release|x86.ActiveCfg = Release|Any CPU
		{CD2BB700-D013-45C4-86D4-195948CDAF17}.Release|x86.Build.0 = Release|Any CPU
		{EF8FCEAA-DE7C-48B8-9D2E-79CABEF86D65}.Debug|Any CPU.ActiveCfg = Debug|Any CPU
		{EF8FCEAA-DE7C-48B8-9D2E-79CABEF86D65}.Debug|Any CPU.Build.0 = Debug|Any CPU
		{EF8FCEAA-DE7C-48B8-9D2E-79CABEF86D65}.Debug|x64.ActiveCfg = Debug|Any CPU
		{EF8FCEAA-DE7C-48B8-9D2E-79CABEF86D65}.Debug|x64.Build.0 = Debug|Any CPU
		{EF8FCEAA-DE7C-48B8-9D2E-79CABEF86D65}.Debug|x86.ActiveCfg = Debug|Any CPU
		{EF8FCEAA-DE7C-48B8-9D2E-79CABEF86D65}.Debug|x86.Build.0 = Debug|Any CPU
		{EF8FCEAA-DE7C-48B8-9D2E-79CABEF86D65}.Release|Any CPU.ActiveCfg = Release|Any CPU
		{EF8FCEAA-DE7C-48B8-9D2E-79CABEF86D65}.Release|Any CPU.Build.0 = Release|Any CPU
		{EF8FCEAA-DE7C-48B8-9D2E-79CABEF86D65}.Release|x64.ActiveCfg = Release|Any CPU
		{EF8FCEAA-DE7C-48B8-9D2E-79CABEF86D65}.Release|x64.Build.0 = Release|Any CPU
		{EF8FCEAA-DE7C-48B8-9D2E-79CABEF86D65}.Release|x86.ActiveCfg = Release|Any CPU
		{EF8FCEAA-DE7C-48B8-9D2E-79CABEF86D65}.Release|x86.Build.0 = Release|Any CPU
		{685C6621-D3E6-4F0A-A67F-C38CE0C0E1B9}.Debug|Any CPU.ActiveCfg = Debug|Any CPU
		{685C6621-D3E6-4F0A-A67F-C38CE0C0E1B9}.Debug|Any CPU.Build.0 = Debug|Any CPU
		{685C6621-D3E6-4F0A-A67F-C38CE0C0E1B9}.Debug|x64.ActiveCfg = Debug|Any CPU
		{685C6621-D3E6-4F0A-A67F-C38CE0C0E1B9}.Debug|x64.Build.0 = Debug|Any CPU
		{685C6621-D3E6-4F0A-A67F-C38CE0C0E1B9}.Debug|x86.ActiveCfg = Debug|Any CPU
		{685C6621-D3E6-4F0A-A67F-C38CE0C0E1B9}.Debug|x86.Build.0 = Debug|Any CPU
		{685C6621-D3E6-4F0A-A67F-C38CE0C0E1B9}.Release|Any CPU.ActiveCfg = Release|Any CPU
		{685C6621-D3E6-4F0A-A67F-C38CE0C0E1B9}.Release|Any CPU.Build.0 = Release|Any CPU
		{685C6621-D3E6-4F0A-A67F-C38CE0C0E1B9}.Release|x64.ActiveCfg = Release|Any CPU
		{685C6621-D3E6-4F0A-A67F-C38CE0C0E1B9}.Release|x64.Build.0 = Release|Any CPU
		{685C6621-D3E6-4F0A-A67F-C38CE0C0E1B9}.Release|x86.ActiveCfg = Release|Any CPU
		{685C6621-D3E6-4F0A-A67F-C38CE0C0E1B9}.Release|x86.Build.0 = Release|Any CPU
		{916F78AE-B974-441A-8D73-161E628C665E}.Debug|Any CPU.ActiveCfg = Debug|Any CPU
		{916F78AE-B974-441A-8D73-161E628C665E}.Debug|Any CPU.Build.0 = Debug|Any CPU
		{916F78AE-B974-441A-8D73-161E628C665E}.Debug|x64.ActiveCfg = Debug|Any CPU
		{916F78AE-B974-441A-8D73-161E628C665E}.Debug|x64.Build.0 = Debug|Any CPU
		{916F78AE-B974-441A-8D73-161E628C665E}.Debug|x86.ActiveCfg = Debug|Any CPU
		{916F78AE-B974-441A-8D73-161E628C665E}.Debug|x86.Build.0 = Debug|Any CPU
		{916F78AE-B974-441A-8D73-161E628C665E}.Release|Any CPU.ActiveCfg = Release|Any CPU
		{916F78AE-B974-441A-8D73-161E628C665E}.Release|Any CPU.Build.0 = Release|Any CPU
		{916F78AE-B974-441A-8D73-161E628C665E}.Release|x64.ActiveCfg = Release|Any CPU
		{916F78AE-B974-441A-8D73-161E628C665E}.Release|x64.Build.0 = Release|Any CPU
		{916F78AE-B974-441A-8D73-161E628C665E}.Release|x86.ActiveCfg = Release|Any CPU
		{916F78AE-B974-441A-8D73-161E628C665E}.Release|x86.Build.0 = Release|Any CPU
		{30B72020-B612-4141-B80A-B6D7C29ED8E6}.Debug|Any CPU.ActiveCfg = Debug|Any CPU
		{30B72020-B612-4141-B80A-B6D7C29ED8E6}.Debug|Any CPU.Build.0 = Debug|Any CPU
		{30B72020-B612-4141-B80A-B6D7C29ED8E6}.Debug|x64.ActiveCfg = Debug|Any CPU
		{30B72020-B612-4141-B80A-B6D7C29ED8E6}.Debug|x64.Build.0 = Debug|Any CPU
		{30B72020-B612-4141-B80A-B6D7C29ED8E6}.Debug|x86.ActiveCfg = Debug|Any CPU
		{30B72020-B612-4141-B80A-B6D7C29ED8E6}.Debug|x86.Build.0 = Debug|Any CPU
		{30B72020-B612-4141-B80A-B6D7C29ED8E6}.Release|Any CPU.ActiveCfg = Release|Any CPU
		{30B72020-B612-4141-B80A-B6D7C29ED8E6}.Release|Any CPU.Build.0 = Release|Any CPU
		{30B72020-B612-4141-B80A-B6D7C29ED8E6}.Release|x64.ActiveCfg = Release|Any CPU
		{30B72020-B612-4141-B80A-B6D7C29ED8E6}.Release|x64.Build.0 = Release|Any CPU
		{30B72020-B612-4141-B80A-B6D7C29ED8E6}.Release|x86.ActiveCfg = Release|Any CPU
		{30B72020-B612-4141-B80A-B6D7C29ED8E6}.Release|x86.Build.0 = Release|Any CPU
	EndGlobalSection
	GlobalSection(SolutionProperties) = preSolution
		HideSolutionNode = FALSE
	EndGlobalSection
	GlobalSection(NestedProjects) = preSolution
		{4C0C54D3-21EF-58BC-F230-268457C9F1B9} = {827E0CD3-B72D-47B6-A68D-7590B98EB39B}
		{3A663BDD-5B9F-4E4B-ACBD-487DCFD723EB} = {4C0C54D3-21EF-58BC-F230-268457C9F1B9}
		{62B6E898-5BBA-4A10-AF9D-F45196021B91} = {4C0C54D3-21EF-58BC-F230-268457C9F1B9}
		{609C3584-14BE-4A6A-B15C-039C2C51558F} = {4C0C54D3-21EF-58BC-F230-268457C9F1B9}
		{52926BE1-94C5-46FE-9A34-1FE945D37B97} = {4C0C54D3-21EF-58BC-F230-268457C9F1B9}
		{44AEE2E6-F46D-FBE2-B368-43FAAC74D86E} = {827E0CD3-B72D-47B6-A68D-7590B98EB39B}
		{5A19D9EF-EE51-4C9E-9479-A735911FA651} = {44AEE2E6-F46D-FBE2-B368-43FAAC74D86E}
		{5178A3E8-A80A-4024-97B5-6C0758807C65} = {44AEE2E6-F46D-FBE2-B368-43FAAC74D86E}
		{6A36B35A-A421-4C78-A777-FBFEB7B69CCC} = {44AEE2E6-F46D-FBE2-B368-43FAAC74D86E}
		{CD2BB700-D013-45C4-86D4-195948CDAF17} = {44AEE2E6-F46D-FBE2-B368-43FAAC74D86E}
		{EF8FCEAA-DE7C-48B8-9D2E-79CABEF86D65} = {0AB3BF05-4346-4AA6-1389-037BE0695223}
		{685C6621-D3E6-4F0A-A67F-C38CE0C0E1B9} = {0AB3BF05-4346-4AA6-1389-037BE0695223}
		{916F78AE-B974-441A-8D73-161E628C665E} = {0AB3BF05-4346-4AA6-1389-037BE0695223}
		{30B72020-B612-4141-B80A-B6D7C29ED8E6} = {0AB3BF05-4346-4AA6-1389-037BE0695223}
	EndGlobalSection
	GlobalSection(ExtensibilityGlobals) = postSolution
		SolutionGuid = {7F71A71A-0CB6-4A90-A38C-20B3755DFE59}
	EndGlobalSection
EndGlobal
